
Microsoft Visual Studio Solution File, Format Version 12.00
# Visual Studio 15
VisualStudioVersion = 15.0.27130.2010
MinimumVisualStudioVersion = 10.0.40219.1
Project("{8BC9CEB8-8B4A-11D0-8D11-00A0C91BC942}") = "JamesNordquistProficioncy2", "JamesNordquistProficioncy2\JamesNordquistProficioncy2.vcxproj", "{B9807CC4-E528-4EE1-87A9-5D13D79965CE}"
EndProject
Global
	GlobalSection(SolutionConfigurationPlatforms) = preSolution
		Debug|x64 = Debug|x64
		Debug|x86 = Debug|x86
		Release|x64 = Release|x64
		Release|x86 = Release|x86
	EndGlobalSection
	GlobalSection(ProjectConfigurationPlatforms) = postSolution
		{B9807CC4-E528-4EE1-87A9-5D13D79965CE}.Debug|x64.ActiveCfg = Debug|x64
		{B9807CC4-E528-4EE1-87A9-5D13D79965CE}.Debug|x64.Build.0 = Debug|x64
		{B9807CC4-E528-4EE1-87A9-5D13D79965CE}.Debug|x86.ActiveCfg = Debug|Win32
		{B9807CC4-E528-4EE1-87A9-5D13D79965CE}.Debug|x86.Build.0 = Debug|Win32
		{B9807CC4-E528-4EE1-87A9-5D13D79965CE}.Release|x64.ActiveCfg = Release|x64
		{B9807CC4-E528-4EE1-87A9-5D13D79965CE}.Release|x64.Build.0 = Release|x64
		{B9807CC4-E528-4EE1-87A9-5D13D79965CE}.Release|x86.ActiveCfg = Release|Win32
		{B9807CC4-E528-4EE1-87A9-5D13D79965CE}.Release|x86.Build.0 = Release|Win32
	EndGlobalSection
	GlobalSection(SolutionProperties) = preSolution
		HideSolutionNode = FALSE
	EndGlobalSection
	GlobalSection(ExtensibilityGlobals) = postSolution
		SolutionGuid = {B40212AE-C9B5-4967-B5EA-C4D541D9A696}
	EndGlobalSection
EndGlobal
