
Microsoft Visual Studio Solution File, Format Version 12.00
# Visual Studio 15
VisualStudioVersion = 15.0.27130.2010
MinimumVisualStudioVersion = 10.0.40219.1
Project("{8BC9CEB8-8B4A-11D0-8D11-00A0C91BC942}") = "JamesNordquistProficiencyDemo5", "JamesNordquistProficiencyDemo5\JamesNordquistProficiencyDemo5.vcxproj", "{2A1A28E6-6CEC-4158-B177-1828C480A40F}"
EndProject
Global
	GlobalSection(SolutionConfigurationPlatforms) = preSolution
		Debug|x64 = Debug|x64
		Debug|x86 = Debug|x86
		Release|x64 = Release|x64
		Release|x86 = Release|x86
	EndGlobalSection
	GlobalSection(ProjectConfigurationPlatforms) = postSolution
		{2A1A28E6-6CEC-4158-B177-1828C480A40F}.Debug|x64.ActiveCfg = Debug|x64
		{2A1A28E6-6CEC-4158-B177-1828C480A40F}.Debug|x64.Build.0 = Debug|x64
		{2A1A28E6-6CEC-4158-B177-1828C480A40F}.Debug|x86.ActiveCfg = Debug|Win32
		{2A1A28E6-6CEC-4158-B177-1828C480A40F}.Debug|x86.Build.0 = Debug|Win32
		{2A1A28E6-6CEC-4158-B177-1828C480A40F}.Release|x64.ActiveCfg = Release|x64
		{2A1A28E6-6CEC-4158-B177-1828C480A40F}.Release|x64.Build.0 = Release|x64
		{2A1A28E6-6CEC-4158-B177-1828C480A40F}.Release|x86.ActiveCfg = Release|Win32
		{2A1A28E6-6CEC-4158-B177-1828C480A40F}.Release|x86.Build.0 = Release|Win32
	EndGlobalSection
	GlobalSection(SolutionProperties) = preSolution
		HideSolutionNode = FALSE
	EndGlobalSection
	GlobalSection(ExtensibilityGlobals) = postSolution
		SolutionGuid = {C11762B5-5382-4068-B4C3-3BD43AD0B497}
	EndGlobalSection
EndGlobal
