
Microsoft Visual Studio Solution File, Format Version 12.00
# Visual Studio 15
VisualStudioVersion = 15.0.28010.2036
MinimumVisualStudioVersion = 10.0.40219.1
Project("{8BC9CEB8-8B4A-11D0-8D11-00A0C91BC942}") = "Lab 3 dynamic array class", "Lab 3 dynamic array class\Lab 3 dynamic array class.vcxproj", "{FD9E4F10-0E9A-45EE-AA07-7B3B06DB491A}"
EndProject
Global
	GlobalSection(SolutionConfigurationPlatforms) = preSolution
		Debug|x64 = Debug|x64
		Debug|x86 = Debug|x86
		Release|x64 = Release|x64
		Release|x86 = Release|x86
	EndGlobalSection
	GlobalSection(ProjectConfigurationPlatforms) = postSolution
		{FD9E4F10-0E9A-45EE-AA07-7B3B06DB491A}.Debug|x64.ActiveCfg = Debug|x64
		{FD9E4F10-0E9A-45EE-AA07-7B3B06DB491A}.Debug|x64.Build.0 = Debug|x64
		{FD9E4F10-0E9A-45EE-AA07-7B3B06DB491A}.Debug|x86.ActiveCfg = Debug|Win32
		{FD9E4F10-0E9A-45EE-AA07-7B3B06DB491A}.Debug|x86.Build.0 = Debug|Win32
		{FD9E4F10-0E9A-45EE-AA07-7B3B06DB491A}.Release|x64.ActiveCfg = Release|x64
		{FD9E4F10-0E9A-45EE-AA07-7B3B06DB491A}.Release|x64.Build.0 = Release|x64
		{FD9E4F10-0E9A-45EE-AA07-7B3B06DB491A}.Release|x86.ActiveCfg = Release|Win32
		{FD9E4F10-0E9A-45EE-AA07-7B3B06DB491A}.Release|x86.Build.0 = Release|Win32
	EndGlobalSection
	GlobalSection(SolutionProperties) = preSolution
		HideSolutionNode = FALSE
	EndGlobalSection
	GlobalSection(ExtensibilityGlobals) = postSolution
		SolutionGuid = {A99ACAC1-21E8-4BF3-960F-905C34C64DBE}
	EndGlobalSection
EndGlobal
